// !$*UTF8*$!
{
	archiveVersion = 1;
	classes = {
	};
	objectVersion = 45;
	objects = {

/* Begin PBXBuildFile section */
		1DDD58160DA1D0A300B32029 /* MainMenu.xib in Resources */ = {isa = PBXBuildFile; fileRef = 1DDD58140DA1D0A300B32029 /* MainMenu.xib */; };
		256AC3DA0F4B6AC300CF3369 /* JHSpotifyEngineAppDelegate.m in Sources */ = {isa = PBXBuildFile; fileRef = 256AC3D90F4B6AC300CF3369 /* JHSpotifyEngineAppDelegate.m */; };
		8D11072B0486CEB800E47090 /* InfoPlist.strings in Resources */ = {isa = PBXBuildFile; fileRef = 089C165CFE840E0CC02AAC07 /* InfoPlist.strings */; };
		8D11072D0486CEB800E47090 /* main.m in Sources */ = {isa = PBXBuildFile; fileRef = 29B97316FDCFA39411CA2CEA /* main.m */; settings = {ATTRIBUTES = (); }; };
		8D11072F0486CEB800E47090 /* Cocoa.framework in Frameworks */ = {isa = PBXBuildFile; fileRef = 1058C7A1FEA54F0111CA2CBB /* Cocoa.framework */; };
		DC60E43010DCE41500A251D2 /* JHSpotifyEngine.m in Sources */ = {isa = PBXBuildFile; fileRef = DC60E42E10DCE41500A251D2 /* JHSpotifyEngine.m */; };
		DCD1D714111D92D5005D7563 /* JHSpotifyAlbumXMLParser.m in Sources */ = {isa = PBXBuildFile; fileRef = DCD1D713111D92D5005D7563 /* JHSpotifyAlbumXMLParser.m */; };
		DCD1D79F111E3ECE005D7563 /* JHSpotifyTrackXMLParser.m in Sources */ = {isa = PBXBuildFile; fileRef = DCD1D79E111E3ECE005D7563 /* JHSpotifyTrackXMLParser.m */; };
		DCD6BEBF11178D2F00A04425 /* JHSpotifyXMLParser.m in Sources */ = {isa = PBXBuildFile; fileRef = DCD6BEBE11178D2F00A04425 /* JHSpotifyXMLParser.m */; };
		DCD6BED21117955B00A04425 /* JHSpotifyHTTPURLConnection.m in Sources */ = {isa = PBXBuildFile; fileRef = DCD6BED11117955B00A04425 /* JHSpotifyHTTPURLConnection.m */; };
		DCD6BED91117963900A04425 /* NSData+Base64.m in Sources */ = {isa = PBXBuildFile; fileRef = DCD6BED61117963900A04425 /* NSData+Base64.m */; };
		DCD6BEDA1117963900A04425 /* NSString+UUID.m in Sources */ = {isa = PBXBuildFile; fileRef = DCD6BED81117963900A04425 /* NSString+UUID.m */; };
		DCD6BF3011179BDD00A04425 /* JHSpotifyArtistXMLParser.m in Sources */ = {isa = PBXBuildFile; fileRef = DCD6BF2F11179BDD00A04425 /* JHSpotifyArtistXMLParser.m */; };
/* End PBXBuildFile section */

/* Begin PBXFileReference section */
		089C165DFE840E0CC02AAC07 /* English */ = {isa = PBXFileReference; fileEncoding = 4; lastKnownFileType = text.plist.strings; name = English; path = English.lproj/InfoPlist.strings; sourceTree = "<group>"; };
		1058C7A1FEA54F0111CA2CBB /* Cocoa.framework */ = {isa = PBXFileReference; lastKnownFileType = wrapper.framework; name = Cocoa.framework; path = /System/Library/Frameworks/Cocoa.framework; sourceTree = "<absolute>"; };
		13E42FB307B3F0F600E4EEF1 /* CoreData.framework */ = {isa = PBXFileReference; lastKnownFileType = wrapper.framework; name = CoreData.framework; path = /System/Library/Frameworks/CoreData.framework; sourceTree = "<absolute>"; };
		1DDD58150DA1D0A300B32029 /* English */ = {isa = PBXFileReference; lastKnownFileType = file.xib; name = English; path = English.lproj/MainMenu.xib; sourceTree = "<group>"; };
		256AC3D80F4B6AC300CF3369 /* JHSpotifyEngineAppDelegate.h */ = {isa = PBXFileReference; fileEncoding = 4; lastKnownFileType = sourcecode.c.h; path = JHSpotifyEngineAppDelegate.h; sourceTree = "<group>"; };
		256AC3D90F4B6AC300CF3369 /* JHSpotifyEngineAppDelegate.m */ = {isa = PBXFileReference; fileEncoding = 4; lastKnownFileType = sourcecode.c.objc; path = JHSpotifyEngineAppDelegate.m; sourceTree = "<group>"; };
		256AC3F00F4B6AF500CF3369 /* JHSpotifyEngine_Prefix.pch */ = {isa = PBXFileReference; fileEncoding = 4; lastKnownFileType = sourcecode.c.h; path = JHSpotifyEngine_Prefix.pch; sourceTree = "<group>"; };
		29B97316FDCFA39411CA2CEA /* main.m */ = {isa = PBXFileReference; fileEncoding = 4; lastKnownFileType = sourcecode.c.objc; path = main.m; sourceTree = "<group>"; };
		29B97324FDCFA39411CA2CEA /* AppKit.framework */ = {isa = PBXFileReference; lastKnownFileType = wrapper.framework; name = AppKit.framework; path = /System/Library/Frameworks/AppKit.framework; sourceTree = "<absolute>"; };
		29B97325FDCFA39411CA2CEA /* Foundation.framework */ = {isa = PBXFileReference; lastKnownFileType = wrapper.framework; name = Foundation.framework; path = /System/Library/Frameworks/Foundation.framework; sourceTree = "<absolute>"; };
		8D1107310486CEB800E47090 /* JHSpotifyEngine-Info.plist */ = {isa = PBXFileReference; fileEncoding = 4; lastKnownFileType = text.plist.xml; path = "JHSpotifyEngine-Info.plist"; sourceTree = "<group>"; };
		8D1107320486CEB800E47090 /* JHSpotifyEngine.app */ = {isa = PBXFileReference; explicitFileType = wrapper.application; includeInIndex = 0; path = JHSpotifyEngine.app; sourceTree = BUILT_PRODUCTS_DIR; };
		DC60E42D10DCE41500A251D2 /* JHSpotifyEngine.h */ = {isa = PBXFileReference; fileEncoding = 4; lastKnownFileType = sourcecode.c.h; path = JHSpotifyEngine.h; sourceTree = "<group>"; };
		DC60E42E10DCE41500A251D2 /* JHSpotifyEngine.m */ = {isa = PBXFileReference; fileEncoding = 4; lastKnownFileType = sourcecode.c.objc; path = JHSpotifyEngine.m; sourceTree = "<group>"; };
		DC60E42F10DCE41500A251D2 /* JHSpotifyEngineDelegate.h */ = {isa = PBXFileReference; fileEncoding = 4; lastKnownFileType = sourcecode.c.h; path = JHSpotifyEngineDelegate.h; sourceTree = "<group>"; };
		DCD1D712111D92D5005D7563 /* JHSpotifyAlbumXMLParser.h */ = {isa = PBXFileReference; fileEncoding = 4; lastKnownFileType = sourcecode.c.h; path = JHSpotifyAlbumXMLParser.h; sourceTree = "<group>"; };
		DCD1D713111D92D5005D7563 /* JHSpotifyAlbumXMLParser.m */ = {isa = PBXFileReference; fileEncoding = 4; lastKnownFileType = sourcecode.c.objc; path = JHSpotifyAlbumXMLParser.m; sourceTree = "<group>"; };
		DCD1D79D111E3ECE005D7563 /* JHSpotifyTrackXMLParser.h */ = {isa = PBXFileReference; fileEncoding = 4; lastKnownFileType = sourcecode.c.h; path = JHSpotifyTrackXMLParser.h; sourceTree = "<group>"; };
		DCD1D79E111E3ECE005D7563 /* JHSpotifyTrackXMLParser.m */ = {isa = PBXFileReference; fileEncoding = 4; lastKnownFileType = sourcecode.c.objc; path = JHSpotifyTrackXMLParser.m; sourceTree = "<group>"; };
		DCD6BEBD11178D2F00A04425 /* JHSpotifyXMLParser.h */ = {isa = PBXFileReference; fileEncoding = 4; lastKnownFileType = sourcecode.c.h; path = JHSpotifyXMLParser.h; sourceTree = "<group>"; };
		DCD6BEBE11178D2F00A04425 /* JHSpotifyXMLParser.m */ = {isa = PBXFileReference; fileEncoding = 4; lastKnownFileType = sourcecode.c.objc; path = JHSpotifyXMLParser.m; sourceTree = "<group>"; };
		DCD6BEC011178D9700A04425 /* JHSpotifyParserDelegate.h */ = {isa = PBXFileReference; fileEncoding = 4; lastKnownFileType = sourcecode.c.h; path = JHSpotifyParserDelegate.h; sourceTree = "<group>"; };
		DCD6BEC111178DD500A04425 /* JHSpotifyGlobalHeader.h */ = {isa = PBXFileReference; fileEncoding = 4; lastKnownFileType = sourcecode.c.h; path = JHSpotifyGlobalHeader.h; sourceTree = "<group>"; };
		DCD6BEC41117932800A04425 /* JHSpotifyRequestTypes.h */ = {isa = PBXFileReference; fileEncoding = 4; lastKnownFileType = sourcecode.c.h; path = JHSpotifyRequestTypes.h; sourceTree = "<group>"; };
		DCD6BED01117955B00A04425 /* JHSpotifyHTTPURLConnection.h */ = {isa = PBXFileReference; fileEncoding = 4; lastKnownFileType = sourcecode.c.h; path = JHSpotifyHTTPURLConnection.h; sourceTree = "<group>"; };
		DCD6BED11117955B00A04425 /* JHSpotifyHTTPURLConnection.m */ = {isa = PBXFileReference; fileEncoding = 4; lastKnownFileType = sourcecode.c.objc; path = JHSpotifyHTTPURLConnection.m; sourceTree = "<group>"; };
		DCD6BED51117963900A04425 /* NSData+Base64.h */ = {isa = PBXFileReference; fileEncoding = 4; lastKnownFileType = sourcecode.c.h; path = "NSData+Base64.h"; sourceTree = "<group>"; };
		DCD6BED61117963900A04425 /* NSData+Base64.m */ = {isa = PBXFileReference; fileEncoding = 4; lastKnownFileType = sourcecode.c.objc; path = "NSData+Base64.m"; sourceTree = "<group>"; };
		DCD6BED71117963900A04425 /* NSString+UUID.h */ = {isa = PBXFileReference; fileEncoding = 4; lastKnownFileType = sourcecode.c.h; path = "NSString+UUID.h"; sourceTree = "<group>"; };
		DCD6BED81117963900A04425 /* NSString+UUID.m */ = {isa = PBXFileReference; fileEncoding = 4; lastKnownFileType = sourcecode.c.objc; path = "NSString+UUID.m"; sourceTree = "<group>"; };
		DCD6BF2E11179BDD00A04425 /* JHSpotifyArtistXMLParser.h */ = {isa = PBXFileReference; fileEncoding = 4; lastKnownFileType = sourcecode.c.h; path = JHSpotifyArtistXMLParser.h; sourceTree = "<group>"; };
		DCD6BF2F11179BDD00A04425 /* JHSpotifyArtistXMLParser.m */ = {isa = PBXFileReference; fileEncoding = 4; lastKnownFileType = sourcecode.c.objc; path = JHSpotifyArtistXMLParser.m; sourceTree = "<group>"; };
/* End PBXFileReference section */

/* Begin PBXFrameworksBuildPhase section */
		8D11072E0486CEB800E47090 /* Frameworks */ = {
			isa = PBXFrameworksBuildPhase;
			buildActionMask = 2147483647;
			files = (
				8D11072F0486CEB800E47090 /* Cocoa.framework in Frameworks */,
			);
			runOnlyForDeploymentPostprocessing = 0;
		};
/* End PBXFrameworksBuildPhase section */

/* Begin PBXGroup section */
		080E96DDFE201D6D7F000001 /* Classes */ = {
			isa = PBXGroup;
			children = (
				256AC3D80F4B6AC300CF3369 /* JHSpotifyEngineAppDelegate.h */,
				256AC3D90F4B6AC300CF3369 /* JHSpotifyEngineAppDelegate.m */,
			);
			name = Classes;
			sourceTree = "<group>";
		};
		1058C7A0FEA54F0111CA2CBB /* Linked Frameworks */ = {
			isa = PBXGroup;
			children = (
				1058C7A1FEA54F0111CA2CBB /* Cocoa.framework */,
			);
			name = "Linked Frameworks";
			sourceTree = "<group>";
		};
		1058C7A2FEA54F0111CA2CBB /* Other Frameworks */ = {
			isa = PBXGroup;
			children = (
				29B97324FDCFA39411CA2CEA /* AppKit.framework */,
				13E42FB307B3F0F600E4EEF1 /* CoreData.framework */,
				29B97325FDCFA39411CA2CEA /* Foundation.framework */,
			);
			name = "Other Frameworks";
			sourceTree = "<group>";
		};
		19C28FACFE9D520D11CA2CBB /* Products */ = {
			isa = PBXGroup;
			children = (
				8D1107320486CEB800E47090 /* JHSpotifyEngine.app */,
			);
			name = Products;
			sourceTree = "<group>";
		};
		29B97314FDCFA39411CA2CEA /* JHSpotifyEngine */ = {
			isa = PBXGroup;
			children = (
				DC60E42C10DCE41500A251D2 /* JHSpotifyEngine */,
				080E96DDFE201D6D7F000001 /* Classes */,
				29B97315FDCFA39411CA2CEA /* Other Sources */,
				29B97317FDCFA39411CA2CEA /* Resources */,
				29B97323FDCFA39411CA2CEA /* Frameworks */,
				19C28FACFE9D520D11CA2CBB /* Products */,
			);
			name = JHSpotifyEngine;
			sourceTree = "<group>";
		};
		29B97315FDCFA39411CA2CEA /* Other Sources */ = {
			isa = PBXGroup;
			children = (
				256AC3F00F4B6AF500CF3369 /* JHSpotifyEngine_Prefix.pch */,
				29B97316FDCFA39411CA2CEA /* main.m */,
			);
			name = "Other Sources";
			sourceTree = "<group>";
		};
		29B97317FDCFA39411CA2CEA /* Resources */ = {
			isa = PBXGroup;
			children = (
				8D1107310486CEB800E47090 /* JHSpotifyEngine-Info.plist */,
				089C165CFE840E0CC02AAC07 /* InfoPlist.strings */,
				1DDD58140DA1D0A300B32029 /* MainMenu.xib */,
			);
			name = Resources;
			sourceTree = "<group>";
		};
		29B97323FDCFA39411CA2CEA /* Frameworks */ = {
			isa = PBXGroup;
			children = (
				1058C7A0FEA54F0111CA2CBB /* Linked Frameworks */,
				1058C7A2FEA54F0111CA2CBB /* Other Frameworks */,
			);
			name = Frameworks;
			sourceTree = "<group>";
		};
		DC60E42C10DCE41500A251D2 /* JHSpotifyEngine */ = {
			isa = PBXGroup;
			children = (
				DC60E42D10DCE41500A251D2 /* JHSpotifyEngine.h */,
				DC60E42E10DCE41500A251D2 /* JHSpotifyEngine.m */,
				DC60E42F10DCE41500A251D2 /* JHSpotifyEngineDelegate.h */,
				DCD6BEC011178D9700A04425 /* JHSpotifyParserDelegate.h */,
				DCD6BEC111178DD500A04425 /* JHSpotifyGlobalHeader.h */,
				DCD6BEC41117932800A04425 /* JHSpotifyRequestTypes.h */,
				DCD6BED01117955B00A04425 /* JHSpotifyHTTPURLConnection.h */,
				DCD6BED11117955B00A04425 /* JHSpotifyHTTPURLConnection.m */,
				DCD6BEAA11178BF000A04425 /* Spotify XML Parsers */,
				DCD6BEDB1117963D00A04425 /* Categories */,
			);
			path = JHSpotifyEngine;
			sourceTree = "<group>";
		};
		DCD6BEAA11178BF000A04425 /* Spotify XML Parsers */ = {
			isa = PBXGroup;
			children = (
				DCD6BEBD11178D2F00A04425 /* JHSpotifyXMLParser.h */,
				DCD6BEBE11178D2F00A04425 /* JHSpotifyXMLParser.m */,
				DCD6BF2E11179BDD00A04425 /* JHSpotifyArtistXMLParser.h */,
				DCD6BF2F11179BDD00A04425 /* JHSpotifyArtistXMLParser.m */,
				DCD1D712111D92D5005D7563 /* JHSpotifyAlbumXMLParser.h */,
				DCD1D713111D92D5005D7563 /* JHSpotifyAlbumXMLParser.m */,
				DCD1D79D111E3ECE005D7563 /* JHSpotifyTrackXMLParser.h */,
				DCD1D79E111E3ECE005D7563 /* JHSpotifyTrackXMLParser.m */,
			);
			name = "Spotify XML Parsers";
			sourceTree = "<group>";
		};
		DCD6BEDB1117963D00A04425 /* Categories */ = {
			isa = PBXGroup;
			children = (
				DCD6BED51117963900A04425 /* NSData+Base64.h */,
				DCD6BED61117963900A04425 /* NSData+Base64.m */,
				DCD6BED71117963900A04425 /* NSString+UUID.h */,
				DCD6BED81117963900A04425 /* NSString+UUID.m */,
			);
			name = Categories;
			sourceTree = "<group>";
		};
/* End PBXGroup section */

/* Begin PBXNativeTarget section */
		8D1107260486CEB800E47090 /* JHSpotifyEngine */ = {
			isa = PBXNativeTarget;
			buildConfigurationList = C01FCF4A08A954540054247B /* Build configuration list for PBXNativeTarget "JHSpotifyEngine" */;
			buildPhases = (
				8D1107290486CEB800E47090 /* Resources */,
				8D11072C0486CEB800E47090 /* Sources */,
				8D11072E0486CEB800E47090 /* Frameworks */,
			);
			buildRules = (
			);
			dependencies = (
			);
			name = JHSpotifyEngine;
			productInstallPath = "$(HOME)/Applications";
			productName = JHSpotifyEngine;
			productReference = 8D1107320486CEB800E47090 /* JHSpotifyEngine.app */;
			productType = "com.apple.product-type.application";
		};
/* End PBXNativeTarget section */

/* Begin PBXProject section */
		29B97313FDCFA39411CA2CEA /* Project object */ = {
			isa = PBXProject;
			buildConfigurationList = C01FCF4E08A954540054247B /* Build configuration list for PBXProject "JHSpotifyEngine" */;
			compatibilityVersion = "Xcode 3.1";
			hasScannedForEncodings = 1;
			mainGroup = 29B97314FDCFA39411CA2CEA /* JHSpotifyEngine */;
			projectDirPath = "";
			projectRoot = "";
			targets = (
				8D1107260486CEB800E47090 /* JHSpotifyEngine */,
			);
		};
/* End PBXProject section */

/* Begin PBXResourcesBuildPhase section */
		8D1107290486CEB800E47090 /* Resources */ = {
			isa = PBXResourcesBuildPhase;
			buildActionMask = 2147483647;
			files = (
				8D11072B0486CEB800E47090 /* InfoPlist.strings in Resources */,
				1DDD58160DA1D0A300B32029 /* MainMenu.xib in Resources */,
			);
			runOnlyForDeploymentPostprocessing = 0;
		};
/* End PBXResourcesBuildPhase section */

/* Begin PBXSourcesBuildPhase section */
		8D11072C0486CEB800E47090 /* Sources */ = {
			isa = PBXSourcesBuildPhase;
			buildActionMask = 2147483647;
			files = (
				8D11072D0486CEB800E47090 /* main.m in Sources */,
				256AC3DA0F4B6AC300CF3369 /* JHSpotifyEngineAppDelegate.m in Sources */,
				DC60E43010DCE41500A251D2 /* JHSpotifyEngine.m in Sources */,
				DCD6BEBF11178D2F00A04425 /* JHSpotifyXMLParser.m in Sources */,
				DCD6BED21117955B00A04425 /* JHSpotifyHTTPURLConnection.m in Sources */,
				DCD6BED91117963900A04425 /* NSData+Base64.m in Sources */,
				DCD6BEDA1117963900A04425 /* NSString+UUID.m in Sources */,
				DCD6BF3011179BDD00A04425 /* JHSpotifyArtistXMLParser.m in Sources */,
				DCD1D714111D92D5005D7563 /* JHSpotifyAlbumXMLParser.m in Sources */,
				DCD1D79F111E3ECE005D7563 /* JHSpotifyTrackXMLParser.m in Sources */,
			);
			runOnlyForDeploymentPostprocessing = 0;
		};
/* End PBXSourcesBuildPhase section */

/* Begin PBXVariantGroup section */
		089C165CFE840E0CC02AAC07 /* InfoPlist.strings */ = {
			isa = PBXVariantGroup;
			children = (
				089C165DFE840E0CC02AAC07 /* English */,
			);
			name = InfoPlist.strings;
			sourceTree = "<group>";
		};
		1DDD58140DA1D0A300B32029 /* MainMenu.xib */ = {
			isa = PBXVariantGroup;
			children = (
				1DDD58150DA1D0A300B32029 /* English */,
			);
			name = MainMenu.xib;
			sourceTree = "<group>";
		};
/* End PBXVariantGroup section */

/* Begin XCBuildConfiguration section */
		C01FCF4B08A954540054247B /* Debug */ = {
			isa = XCBuildConfiguration;
			buildSettings = {
				ALWAYS_SEARCH_USER_PATHS = NO;
				COPY_PHASE_STRIP = NO;
				GCC_DYNAMIC_NO_PIC = NO;
				GCC_ENABLE_FIX_AND_CONTINUE = YES;
				GCC_MODEL_TUNING = G5;
				GCC_OPTIMIZATION_LEVEL = 0;
				GCC_PRECOMPILE_PREFIX_HEADER = YES;
				GCC_PREFIX_HEADER = JHSpotifyEngine_Prefix.pch;
				INFOPLIST_FILE = "JHSpotifyEngine-Info.plist";
				INSTALL_PATH = "$(HOME)/Applications";
				PRODUCT_NAME = JHSpotifyEngine;
			};
			name = Debug;
		};
		C01FCF4C08A954540054247B /* Release */ = {
			isa = XCBuildConfiguration;
			buildSettings = {
				ALWAYS_SEARCH_USER_PATHS = NO;
				DEBUG_INFORMATION_FORMAT = "dwarf-with-dsym";
				GCC_MODEL_TUNING = G5;
				GCC_PRECOMPILE_PREFIX_HEADER = YES;
				GCC_PREFIX_HEADER = JHSpotifyEngine_Prefix.pch;
				INFOPLIST_FILE = "JHSpotifyEngine-Info.plist";
				INSTALL_PATH = "$(HOME)/Applications";
				PRODUCT_NAME = JHSpotifyEngine;
			};
			name = Release;
		};
		C01FCF4F08A954540054247B /* Debug */ = {
			isa = XCBuildConfiguration;
			buildSettings = {
				ARCHS = "$(ARCHS_STANDARD_32_64_BIT)";
				GCC_C_LANGUAGE_STANDARD = gnu99;
				GCC_OPTIMIZATION_LEVEL = 0;
				GCC_PREPROCESSOR_DEFINITIONS = "DEBUG=1";
				GCC_VERSION = 4.2;
				GCC_WARN_ABOUT_RETURN_TYPE = YES;
				GCC_WARN_UNUSED_VARIABLE = YES;
				HEADER_SEARCH_PATHS = "/usr/include/libxml2/**";
				ONLY_ACTIVE_ARCH = YES;
				PREBINDING = NO;
				SDKROOT = macosx10.6;
			};
			name = Debug;
		};
		C01FCF5008A954540054247B /* Release */ = {
			isa = XCBuildConfiguration;
			buildSettings = {
				ARCHS = "$(ARCHS_STANDARD_32_64_BIT)";
				GCC_C_LANGUAGE_STANDARD = gnu99;
				GCC_WARN_ABOUT_RETURN_TYPE = YES;
				GCC_WARN_UNUSED_VARIABLE = YES;
				HEADER_SEARCH_PATHS = "/usr/include/libxml2/**";
				PREBINDING = NO;
				SDKROOT = macosx10.6;
			};
			name = Release;
		};
/* End XCBuildConfiguration section */

/* Begin XCConfigurationList section */
		C01FCF4A08A954540054247B /* Build configuration list for PBXNativeTarget "JHSpotifyEngine" */ = {
			isa = XCConfigurationList;
			buildConfigurations = (
				C01FCF4B08A954540054247B /* Debug */,
				C01FCF4C08A954540054247B /* Release */,
			);
			defaultConfigurationIsVisible = 0;
			defaultConfigurationName = Release;
		};
		C01FCF4E08A954540054247B /* Build configuration list for PBXProject "JHSpotifyEngine" */ = {
			isa = XCConfigurationList;
			buildConfigurations = (
				C01FCF4F08A954540054247B /* Debug */,
				C01FCF5008A954540054247B /* Release */,
			);
			defaultConfigurationIsVisible = 0;
			defaultConfigurationName = Release;
		};
/* End XCConfigurationList section */
	};
	rootObject = 29B97313FDCFA39411CA2CEA /* Project object */;
}
